
Microsoft Visual Studio Solution File, Format Version 12.00
# Visual Studio Version 17
VisualStudioVersion = 17.14.36310.24 d17.14
MinimumVisualStudioVersion = 10.0.40219.1
Project("{FAE04EC0-301F-11D3-BF4B-00C04F79EFBC}") = "UppercaseLetterCounter", "UppercaseLetterCounter.csproj", "{B62845F6-B80D-4BD2-B0CD-A6FC60D8BDB2}"
EndProject
Global
	GlobalSection(SolutionConfigurationPlatforms) = preSolution
		Debug|Any CPU = Debug|Any CPU
		Release|Any CPU = Release|Any CPU
	EndGlobalSection
	GlobalSection(ProjectConfigurationPlatforms) = postSolution
		{B62845F6-B80D-4BD2-B0CD-A6FC60D8BDB2}.Debug|Any CPU.ActiveCfg = Debug|Any CPU
		{B62845F6-B80D-4BD2-B0CD-A6FC60D8BDB2}.Debug|Any CPU.Build.0 = Debug|Any CPU
		{B62845F6-B80D-4BD2-B0CD-A6FC60D8BDB2}.Release|Any CPU.ActiveCfg = Release|Any CPU
		{B62845F6-B80D-4BD2-B0CD-A6FC60D8BDB2}.Release|Any CPU.Build.0 = Release|Any CPU
	EndGlobalSection
	GlobalSection(SolutionProperties) = preSolution
		HideSolutionNode = FALSE
	EndGlobalSection
	GlobalSection(ExtensibilityGlobals) = postSolution
		SolutionGuid = {801DD7A5-B1BF-42CC-8F42-F7560A35BBB4}
	EndGlobalSection
EndGlobal
